
Microsoft Visual Studio Solution File, Format Version 12.00
# Visual Studio 14
VisualStudioVersion = 14.0.22310.1
MinimumVisualStudioVersion = 10.0.40219.1
Project("{FAE04EC0-301F-11D3-BF4B-00C04F79EFBC}") = "DockerChvWeb2015", "DockerChvWeb2015\DockerChvWeb2015.csproj", "{578B33EE-2D5D-46BA-A91C-5D5674243736}"
EndProject
Global
	GlobalSection(SolutionConfigurationPlatforms) = preSolution
		Debug|Any CPU = Debug|Any CPU
		Release|Any CPU = Release|Any CPU
	EndGlobalSection
	GlobalSection(ProjectConfigurationPlatforms) = postSolution
		{578B33EE-2D5D-46BA-A91C-5D5674243736}.Debug|Any CPU.ActiveCfg = Debug|Any CPU
		{578B33EE-2D5D-46BA-A91C-5D5674243736}.Debug|Any CPU.Build.0 = Debug|Any CPU
		{578B33EE-2D5D-46BA-A91C-5D5674243736}.Release|Any CPU.ActiveCfg = Release|Any CPU
		{578B33EE-2D5D-46BA-A91C-5D5674243736}.Release|Any CPU.Build.0 = Release|Any CPU
	EndGlobalSection
	GlobalSection(SolutionProperties) = preSolution
		HideSolutionNode = FALSE
	EndGlobalSection
EndGlobal
